/* Begin PBXProject section */
{
  archiveVersion = 1;
  objects = {
    /* Your project and target details */
    Runner = {
      isa = PBXProject;
      buildConfigurationList = 19D601CF19A432DD4A1B33F9;
      compatibilityVersion = "Xcode 11.3";
      developmentRegion = en;
      hasScannedForEncodings = 1;
      knownRegions = (
        en,
      );
      mainGroup = 1B38945F1B6014B92DA685B0;
      productRefGroup = 1B38945F1B6014B92DA685B0;
      projectDirPath = "";
      projectRoot = "";
      targets = (
        "Runner",
      );
    };

    /* Your target settings */
    Runner = {
      isa = PBXNativeTarget;
      buildConfigurationList = 19D601CF19A432DD4A1B33F9;
      buildPhases = (
        /* your build phases like sources, resources, etc. */
      );
      buildRules = ();
      dependencies = ();
      name = Runner;
      productName = Runner;
      productReference = "Runner";
      productType = "com.apple.product-type.application";
    };

    /* Build Configurations */
    buildConfigurations = (
      {
        buildConfigurationName = Debug;
        buildConfigurationType = Debug;
        fileRef = "Debug";
      },
      {
        buildConfigurationName = Release;
        buildConfigurationType = Release;
        fileRef = "Release";
      },
      {
        buildConfigurationName = sandbox;
        buildConfigurationType = Release;
        fileRef = "sandbox";
        buildSetting = {
          baseConfigurationReference = "sandbox.xcconfig"; // Link to the sandbox.xcconfig
        };
      }
    );

    /* Configuration Reference */
    "sandbox" = {
      isa = XCBuildConfiguration;
      name = sandbox;
      buildSettings = {
        FLUTTER_BUILD_MODE = release;
        FLUTTER_TARGET = lib/EntryPoint/main_sandbox.dart;
        // Add more sandbox-specific settings here
      };
    };

    /* Configuration for Debug and Release */
    Debug = {
      isa = XCBuildConfiguration;
      name = Debug;
      buildSettings = {
        /* Debug settings here */
      };
    };

    Release = {
      isa = XCBuildConfiguration;
      name = Release;
      buildSettings = {
        /* Release settings here */
      };
    };

    /* File references for your xcconfig files */
    sandbox.xcconfig = {
      isa = PBXFileReference;
      lastKnownFileType = sourcecode.xcconfig;
      name = sandbox.xcconfig;
      path = "sandbox.xcconfig";
      sourceTree = "<group>";
    };

    Debug.xcconfig = {
      isa = PBXFileReference;
      lastKnownFileType = sourcecode.xcconfig;
      name = Debug.xcconfig;
      path = "Debug.xcconfig";
      sourceTree = "<group>";
    };

    Release.xcconfig = {
      isa = PBXFileReference;
      lastKnownFileType = sourcecode.xcconfig;
      name = Release.xcconfig;
      path = "Release.xcconfig";
      sourceTree = "<group>";
    };
  };
}
/* End PBXProject section */
